
Microsoft Visual Studio Solution File, Format Version 12.00
# Visual Studio Version 18
VisualStudioVersion = 18.8.12021.73
MinimumVisualStudioVersion = 10.0.40219.1
Project("{8BC9CEB8-8B4A-11D0-8D11-00A0C91BC942}") = "001_hello world", "001_hello world\001_hello world.vcxproj", "{A5DA5219-FD90-49B2-A223-2D00ABD69ECD}"
EndProject
Project("{8BC9CEB8-8B4A-11D0-8D11-00A0C91BC942}") = "002_数据类型", "..\002_数据类型\002_数据类型.vcxproj", "{C88A0030-2F97-441E-A545-70BA9B4AF371}"
EndProject
Project("{8BC9CEB8-8B4A-11D0-8D11-00A0C91BC942}") = "003_浮点&字符", "..\003_浮点类型\003_浮点类型.vcxproj", "{725F5762-BD4C-4099-890F-F20C9E1A51B5}"
EndProject
Project("{8BC9CEB8-8B4A-11D0-8D11-00A0C91BC942}") = "004_常量", "..\004_常量\004_常量.vcxproj", "{BCE55F9B-FCF9-4064-A32B-5BEABE4CC176}"
EndProject
Project("{8BC9CEB8-8B4A-11D0-8D11-00A0C91BC942}") = "005_循环控制", "..\005_循环控制\005_循环控制.vcxproj", "{4A0AF54C-94F2-4DA1-A2F4-62CBA8D4C37E}"
EndProject
Project("{8BC9CEB8-8B4A-11D0-8D11-00A0C91BC942}") = "006_数组", "..\006_数组\006_数组.vcxproj", "{4C08A838-293D-4444-AAAB-82FAB9CE153E}"
EndProject
Project("{8BC9CEB8-8B4A-11D0-8D11-00A0C91BC942}") = "007_函数&static，register", "..\007_函数\007_函数.vcxproj", "{1BE307A9-B28B-46A4-B399-EE7DC8337A98}"
EndProject
Project("{8BC9CEB8-8B4A-11D0-8D11-00A0C91BC942}") = "008_预处理器命令", "..\008_预处理器命令\008_预处理器命令.vcxproj", "{FA0CCD0E-E2A4-4EB7-908B-8E0A7C44EDC0}"
EndProject
Project("{8BC9CEB8-8B4A-11D0-8D11-00A0C91BC942}") = "009_指针", "..\009_指针\009_指针.vcxproj", "{6CA46536-43EF-4F46-9978-8B0D9DDBFD15}"
EndProject
Project("{8BC9CEB8-8B4A-11D0-8D11-00A0C91BC942}") = "010_指针的指针", "..\010_指针的指针\010_指针的指针.vcxproj", "{23610D19-9B40-41F5-86B3-28A6A273A853}"
EndProject
Project("{8BC9CEB8-8B4A-11D0-8D11-00A0C91BC942}") = "011_指针传参", "..\011_指针传参\011_指针传参.vcxproj", "{4DFEA9F9-7783-405E-A736-7ED81970F59E}"
EndProject
Project("{8BC9CEB8-8B4A-11D0-8D11-00A0C91BC942}") = "012_函数返回指针变量", "..\012_函数返回指针变量\012_函数返回指针变量.vcxproj", "{A7DE0465-3B2C-42D0-A414-3D638C1992A9}"
EndProject
Project("{8BC9CEB8-8B4A-11D0-8D11-00A0C91BC942}") = "013_函数指针数组", "..\013_函数指针&回调指针\013_函数指针&回调指针.vcxproj", "{BA947308-90B3-453E-8B49-74CE29410C2E}"
EndProject
Project("{8BC9CEB8-8B4A-11D0-8D11-00A0C91BC942}") = "014_回调指针", "..\014_回调指针\014_回调指针.vcxproj", "{5495D5C4-61BF-443B-94B2-15BD1A86CE05}"
EndProject
Project("{8BC9CEB8-8B4A-11D0-8D11-00A0C91BC942}") = "015_结构体", "..\015_结构体\015_结构体.vcxproj", "{FF348933-14C9-438D-9DED-A862C57EB895}"
EndProject
Project("{8BC9CEB8-8B4A-11D0-8D11-00A0C91BC942}") = "016_结构体指针", "..\016_结构体指针\016_结构体指针.vcxproj", "{B7CD4FD0-36E3-4AF2-B7C3-2A25A6EE0544}"
EndProject
Project("{8BC9CEB8-8B4A-11D0-8D11-00A0C91BC942}") = "017_联合体", "..\017_联合体\017_联合体.vcxproj", "{1FE16798-15A7-4EAE-A1C2-59F1530F6695}"
EndProject
Project("{8BC9CEB8-8B4A-11D0-8D11-00A0C91BC942}") = "018_结构体&联合体", "..\018_结构体&联合体\018_结构体&联合体.vcxproj", "{0F129B5E-EFE8-4F3C-853F-F8191D27930A}"
EndProject
Project("{8BC9CEB8-8B4A-11D0-8D11-00A0C91BC942}") = "019_tpyedef&函数指针", "..\019_tpyedef&函数指针\019_tpyedef&函数指针.vcxproj", "{ADA6F472-17D6-4589-811B-5280DC035CA1}"
EndProject
Project("{8BC9CEB8-8B4A-11D0-8D11-00A0C91BC942}") = "020_枚举", "..\020_枚举\020_枚举.vcxproj", "{E73FADAD-08F2-4988-B23E-88BE4376543D}"
EndProject
Project("{8BC9CEB8-8B4A-11D0-8D11-00A0C91BC942}") = "021_动态内存分配", "..\021_动态内存分配\021_动态内存分配.vcxproj", "{871EB484-7E5E-4A31-B926-FF164725F3BC}"
EndProject
Project("{8BC9CEB8-8B4A-11D0-8D11-00A0C91BC942}") = "022_位运算", "..\022_位运算\022_位运算.vcxproj", "{065781F8-7163-4C85-99B8-9F3DB93F02B9}"
EndProject
Project("{8BC9CEB8-8B4A-11D0-8D11-00A0C91BC942}") = "023_FILE指针基础", "..\023_FILE文件指针\023_FILE文件指针.vcxproj", "{EB96B014-BFBF-4B38-A2F0-405F28051C2B}"
EndProject
Project("{8BC9CEB8-8B4A-11D0-8D11-00A0C91BC942}") = "024_FILE指针ferror", "..\024_FILE指针ferror\024_FILE指针ferror.vcxproj", "{794B0D91-19C2-4E69-A838-E3B82330586B}"
EndProject
Project("{8BC9CEB8-8B4A-11D0-8D11-00A0C91BC942}") = "025_FILE指针fgets", "..\025_FILE指针fgets\025_FILE指针fgets.vcxproj", "{41A30B95-2D8F-4443-8E14-560C3CBFD13C}"
EndProject
Project("{8BC9CEB8-8B4A-11D0-8D11-00A0C91BC942}") = "026_FILE指针fread&fwrite", "..\026_FILE指针fread&fwrite\026_FILE指针fread&fwrite.vcxproj", "{84A8E290-A106-42A4-A293-13F52CB8D577}"
EndProject
Global
	GlobalSection(SolutionConfigurationPlatforms) = preSolution
		Debug|x64 = Debug|x64
		Debug|x86 = Debug|x86
		Release|x64 = Release|x64
		Release|x86 = Release|x86
	EndGlobalSection
	GlobalSection(ProjectConfigurationPlatforms) = postSolution
		{A5DA5219-FD90-49B2-A223-2D00ABD69ECD}.Debug|x64.ActiveCfg = Debug|x64
		{A5DA5219-FD90-49B2-A223-2D00ABD69ECD}.Debug|x64.Build.0 = Debug|x64
		{A5DA5219-FD90-49B2-A223-2D00ABD69ECD}.Debug|x86.ActiveCfg = Debug|Win32
		{A5DA5219-FD90-49B2-A223-2D00ABD69ECD}.Debug|x86.Build.0 = Debug|Win32
		{A5DA5219-FD90-49B2-A223-2D00ABD69ECD}.Release|x64.ActiveCfg = Release|x64
		{A5DA5219-FD90-49B2-A223-2D00ABD69ECD}.Release|x64.Build.0 = Release|x64
		{A5DA5219-FD90-49B2-A223-2D00ABD69ECD}.Release|x86.ActiveCfg = Release|Win32
		{A5DA5219-FD90-49B2-A223-2D00ABD69ECD}.Release|x86.Build.0 = Release|Win32
		{C88A0030-2F97-441E-A545-70BA9B4AF371}.Debug|x64.ActiveCfg = Debug|x64
		{C88A0030-2F97-441E-A545-70BA9B4AF371}.Debug|x64.Build.0 = Debug|x64
		{C88A0030-2F97-441E-A545-70BA9B4AF371}.Debug|x86.ActiveCfg = Debug|Win32
		{C88A0030-2F97-441E-A545-70BA9B4AF371}.Debug|x86.Build.0 = Debug|Win32
		{C88A0030-2F97-441E-A545-70BA9B4AF371}.Release|x64.ActiveCfg = Release|x64
		{C88A0030-2F97-441E-A545-70BA9B4AF371}.Release|x64.Build.0 = Release|x64
		{C88A0030-2F97-441E-A545-70BA9B4AF371}.Release|x86.ActiveCfg = Release|Win32
		{C88A0030-2F97-441E-A545-70BA9B4AF371}.Release|x86.Build.0 = Release|Win32
		{725F5762-BD4C-4099-890F-F20C9E1A51B5}.Debug|x64.ActiveCfg = Debug|x64
		{725F5762-BD4C-4099-890F-F20C9E1A51B5}.Debug|x64.Build.0 = Debug|x64
		{725F5762-BD4C-4099-890F-F20C9E1A51B5}.Debug|x86.ActiveCfg = Debug|Win32
		{725F5762-BD4C-4099-890F-F20C9E1A51B5}.Debug|x86.Build.0 = Debug|Win32
		{725F5762-BD4C-4099-890F-F20C9E1A51B5}.Release|x64.ActiveCfg = Release|x64
		{725F5762-BD4C-4099-890F-F20C9E1A51B5}.Release|x64.Build.0 = Release|x64
		{725F5762-BD4C-4099-890F-F20C9E1A51B5}.Release|x86.ActiveCfg = Release|Win32
		{725F5762-BD4C-4099-890F-F20C9E1A51B5}.Release|x86.Build.0 = Release|Win32
		{BCE55F9B-FCF9-4064-A32B-5BEABE4CC176}.Debug|x64.ActiveCfg = Debug|x64
		{BCE55F9B-FCF9-4064-A32B-5BEABE4CC176}.Debug|x64.Build.0 = Debug|x64
		{BCE55F9B-FCF9-4064-A32B-5BEABE4CC176}.Debug|x86.ActiveCfg = Debug|Win32
		{BCE55F9B-FCF9-4064-A32B-5BEABE4CC176}.Debug|x86.Build.0 = Debug|Win32
		{BCE55F9B-FCF9-4064-A32B-5BEABE4CC176}.Release|x64.ActiveCfg = Release|x64
		{BCE55F9B-FCF9-4064-A32B-5BEABE4CC176}.Release|x64.Build.0 = Release|x64
		{BCE55F9B-FCF9-4064-A32B-5BEABE4CC176}.Release|x86.ActiveCfg = Release|Win32
		{BCE55F9B-FCF9-4064-A32B-5BEABE4CC176}.Release|x86.Build.0 = Release|Win32
		{4A0AF54C-94F2-4DA1-A2F4-62CBA8D4C37E}.Debug|x64.ActiveCfg = Debug|x64
		{4A0AF54C-94F2-4DA1-A2F4-62CBA8D4C37E}.Debug|x64.Build.0 = Debug|x64
		{4A0AF54C-94F2-4DA1-A2F4-62CBA8D4C37E}.Debug|x86.ActiveCfg = Debug|Win32
		{4A0AF54C-94F2-4DA1-A2F4-62CBA8D4C37E}.Debug|x86.Build.0 = Debug|Win32
		{4A0AF54C-94F2-4DA1-A2F4-62CBA8D4C37E}.Release|x64.ActiveCfg = Release|x64
		{4A0AF54C-94F2-4DA1-A2F4-62CBA8D4C37E}.Release|x64.Build.0 = Release|x64
		{4A0AF54C-94F2-4DA1-A2F4-62CBA8D4C37E}.Release|x86.ActiveCfg = Release|Win32
		{4A0AF54C-94F2-4DA1-A2F4-62CBA8D4C37E}.Release|x86.Build.0 = Release|Win32
		{4C08A838-293D-4444-AAAB-82FAB9CE153E}.Debug|x64.ActiveCfg = Debug|x64
		{4C08A838-293D-4444-AAAB-82FAB9CE153E}.Debug|x64.Build.0 = Debug|x64
		{4C08A838-293D-4444-AAAB-82FAB9CE153E}.Debug|x86.ActiveCfg = Debug|Win32
		{4C08A838-293D-4444-AAAB-82FAB9CE153E}.Debug|x86.Build.0 = Debug|Win32
		{4C08A838-293D-4444-AAAB-82FAB9CE153E}.Release|x64.ActiveCfg = Release|x64
		{4C08A838-293D-4444-AAAB-82FAB9CE153E}.Release|x64.Build.0 = Release|x64
		{4C08A838-293D-4444-AAAB-82FAB9CE153E}.Release|x86.ActiveCfg = Release|Win32
		{4C08A838-293D-4444-AAAB-82FAB9CE153E}.Release|x86.Build.0 = Release|Win32
		{1BE307A9-B28B-46A4-B399-EE7DC8337A98}.Debug|x64.ActiveCfg = Debug|x64
		{1BE307A9-B28B-46A4-B399-EE7DC8337A98}.Debug|x64.Build.0 = Debug|x64
		{1BE307A9-B28B-46A4-B399-EE7DC8337A98}.Debug|x86.ActiveCfg = Debug|Win32
		{1BE307A9-B28B-46A4-B399-EE7DC8337A98}.Debug|x86.Build.0 = Debug|Win32
		{1BE307A9-B28B-46A4-B399-EE7DC8337A98}.Release|x64.ActiveCfg = Release|x64
		{1BE307A9-B28B-46A4-B399-EE7DC8337A98}.Release|x64.Build.0 = Release|x64
		{1BE307A9-B28B-46A4-B399-EE7DC8337A98}.Release|x86.ActiveCfg = Release|Win32
		{1BE307A9-B28B-46A4-B399-EE7DC8337A98}.Release|x86.Build.0 = Release|Win32
		{FA0CCD0E-E2A4-4EB7-908B-8E0A7C44EDC0}.Debug|x64.ActiveCfg = Debug|x64
		{FA0CCD0E-E2A4-4EB7-908B-8E0A7C44EDC0}.Debug|x64.Build.0 = Debug|x64
		{FA0CCD0E-E2A4-4EB7-908B-8E0A7C44EDC0}.Debug|x86.ActiveCfg = Debug|Win32
		{FA0CCD0E-E2A4-4EB7-908B-8E0A7C44EDC0}.Debug|x86.Build.0 = Debug|Win32
		{FA0CCD0E-E2A4-4EB7-908B-8E0A7C44EDC0}.Release|x64.ActiveCfg = Release|x64
		{FA0CCD0E-E2A4-4EB7-908B-8E0A7C44EDC0}.Release|x64.Build.0 = Release|x64
		{FA0CCD0E-E2A4-4EB7-908B-8E0A7C44EDC0}.Release|x86.ActiveCfg = Release|Win32
		{FA0CCD0E-E2A4-4EB7-908B-8E0A7C44EDC0}.Release|x86.Build.0 = Release|Win32
		{6CA46536-43EF-4F46-9978-8B0D9DDBFD15}.Debug|x64.ActiveCfg = Debug|x64
		{6CA46536-43EF-4F46-9978-8B0D9DDBFD15}.Debug|x64.Build.0 = Debug|x64
		{6CA46536-43EF-4F46-9978-8B0D9DDBFD15}.Debug|x86.ActiveCfg = Debug|Win32
		{6CA46536-43EF-4F46-9978-8B0D9DDBFD15}.Debug|x86.Build.0 = Debug|Win32
		{6CA46536-43EF-4F46-9978-8B0D9DDBFD15}.Release|x64.ActiveCfg = Release|x64
		{6CA46536-43EF-4F46-9978-8B0D9DDBFD15}.Release|x64.Build.0 = Release|x64
		{6CA46536-43EF-4F46-9978-8B0D9DDBFD15}.Release|x86.ActiveCfg = Release|Win32
		{6CA46536-43EF-4F46-9978-8B0D9DDBFD15}.Release|x86.Build.0 = Release|Win32
		{23610D19-9B40-41F5-86B3-28A6A273A853}.Debug|x64.ActiveCfg = Debug|x64
		{23610D19-9B40-41F5-86B3-28A6A273A853}.Debug|x64.Build.0 = Debug|x64
		{23610D19-9B40-41F5-86B3-28A6A273A853}.Debug|x86.ActiveCfg = Debug|Win32
		{23610D19-9B40-41F5-86B3-28A6A273A853}.Debug|x86.Build.0 = Debug|Win32
		{23610D19-9B40-41F5-86B3-28A6A273A853}.Release|x64.ActiveCfg = Release|x64
		{23610D19-9B40-41F5-86B3-28A6A273A853}.Release|x64.Build.0 = Release|x64
		{23610D19-9B40-41F5-86B3-28A6A273A853}.Release|x86.ActiveCfg = Release|Win32
		{23610D19-9B40-41F5-86B3-28A6A273A853}.Release|x86.Build.0 = Release|Win32
		{4DFEA9F9-7783-405E-A736-7ED81970F59E}.Debug|x64.ActiveCfg = Debug|x64
		{4DFEA9F9-7783-405E-A736-7ED81970F59E}.Debug|x64.Build.0 = Debug|x64
		{4DFEA9F9-7783-405E-A736-7ED81970F59E}.Debug|x86.ActiveCfg = Debug|Win32
		{4DFEA9F9-7783-405E-A736-7ED81970F59E}.Debug|x86.Build.0 = Debug|Win32
		{4DFEA9F9-7783-405E-A736-7ED81970F59E}.Release|x64.ActiveCfg = Release|x64
		{4DFEA9F9-7783-405E-A736-7ED81970F59E}.Release|x64.Build.0 = Release|x64
		{4DFEA9F9-7783-405E-A736-7ED81970F59E}.Release|x86.ActiveCfg = Release|Win32
		{4DFEA9F9-7783-405E-A736-7ED81970F59E}.Release|x86.Build.0 = Release|Win32
		{A7DE0465-3B2C-42D0-A414-3D638C1992A9}.Debug|x64.ActiveCfg = Debug|x64
		{A7DE0465-3B2C-42D0-A414-3D638C1992A9}.Debug|x64.Build.0 = Debug|x64
		{A7DE0465-3B2C-42D0-A414-3D638C1992A9}.Debug|x86.ActiveCfg = Debug|Win32
		{A7DE0465-3B2C-42D0-A414-3D638C1992A9}.Debug|x86.Build.0 = Debug|Win32
		{A7DE0465-3B2C-42D0-A414-3D638C1992A9}.Release|x64.ActiveCfg = Release|x64
		{A7DE0465-3B2C-42D0-A414-3D638C1992A9}.Release|x64.Build.0 = Release|x64
		{A7DE0465-3B2C-42D0-A414-3D638C1992A9}.Release|x86.ActiveCfg = Release|Win32
		{A7DE0465-3B2C-42D0-A414-3D638C1992A9}.Release|x86.Build.0 = Release|Win32
		{BA947308-90B3-453E-8B49-74CE29410C2E}.Debug|x64.ActiveCfg = Debug|x64
		{BA947308-90B3-453E-8B49-74CE29410C2E}.Debug|x64.Build.0 = Debug|x64
		{BA947308-90B3-453E-8B49-74CE29410C2E}.Debug|x86.ActiveCfg = Debug|Win32
		{BA947308-90B3-453E-8B49-74CE29410C2E}.Debug|x86.Build.0 = Debug|Win32
		{BA947308-90B3-453E-8B49-74CE29410C2E}.Release|x64.ActiveCfg = Release|x64
		{BA947308-90B3-453E-8B49-74CE29410C2E}.Release|x64.Build.0 = Release|x64
		{BA947308-90B3-453E-8B49-74CE29410C2E}.Release|x86.ActiveCfg = Release|Win32
		{BA947308-90B3-453E-8B49-74CE29410C2E}.Release|x86.Build.0 = Release|Win32
		{5495D5C4-61BF-443B-94B2-15BD1A86CE05}.Debug|x64.ActiveCfg = Debug|x64
		{5495D5C4-61BF-443B-94B2-15BD1A86CE05}.Debug|x64.Build.0 = Debug|x64
		{5495D5C4-61BF-443B-94B2-15BD1A86CE05}.Debug|x86.ActiveCfg = Debug|Win32
		{5495D5C4-61BF-443B-94B2-15BD1A86CE05}.Debug|x86.Build.0 = Debug|Win32
		{5495D5C4-61BF-443B-94B2-15BD1A86CE05}.Release|x64.ActiveCfg = Release|x64
		{5495D5C4-61BF-443B-94B2-15BD1A86CE05}.Release|x64.Build.0 = Release|x64
		{5495D5C4-61BF-443B-94B2-15BD1A86CE05}.Release|x86.ActiveCfg = Release|Win32
		{5495D5C4-61BF-443B-94B2-15BD1A86CE05}.Release|x86.Build.0 = Release|Win32
		{FF348933-14C9-438D-9DED-A862C57EB895}.Debug|x64.ActiveCfg = Debug|x64
		{FF348933-14C9-438D-9DED-A862C57EB895}.Debug|x64.Build.0 = Debug|x64
		{FF348933-14C9-438D-9DED-A862C57EB895}.Debug|x86.ActiveCfg = Debug|Win32
		{FF348933-14C9-438D-9DED-A862C57EB895}.Debug|x86.Build.0 = Debug|Win32
		{FF348933-14C9-438D-9DED-A862C57EB895}.Release|x64.ActiveCfg = Release|x64
		{FF348933-14C9-438D-9DED-A862C57EB895}.Release|x64.Build.0 = Release|x64
		{FF348933-14C9-438D-9DED-A862C57EB895}.Release|x86.ActiveCfg = Release|Win32
		{FF348933-14C9-438D-9DED-A862C57EB895}.Release|x86.Build.0 = Release|Win32
		{B7CD4FD0-36E3-4AF2-B7C3-2A25A6EE0544}.Debug|x64.ActiveCfg = Debug|x64
		{B7CD4FD0-36E3-4AF2-B7C3-2A25A6EE0544}.Debug|x64.Build.0 = Debug|x64
		{B7CD4FD0-36E3-4AF2-B7C3-2A25A6EE0544}.Debug|x86.ActiveCfg = Debug|Win32
		{B7CD4FD0-36E3-4AF2-B7C3-2A25A6EE0544}.Debug|x86.Build.0 = Debug|Win32
		{B7CD4FD0-36E3-4AF2-B7C3-2A25A6EE0544}.Release|x64.ActiveCfg = Release|x64
		{B7CD4FD0-36E3-4AF2-B7C3-2A25A6EE0544}.Release|x64.Build.0 = Release|x64
		{B7CD4FD0-36E3-4AF2-B7C3-2A25A6EE0544}.Release|x86.ActiveCfg = Release|Win32
		{B7CD4FD0-36E3-4AF2-B7C3-2A25A6EE0544}.Release|x86.Build.0 = Release|Win32
		{1FE16798-15A7-4EAE-A1C2-59F1530F6695}.Debug|x64.ActiveCfg = Debug|x64
		{1FE16798-15A7-4EAE-A1C2-59F1530F6695}.Debug|x64.Build.0 = Debug|x64
		{1FE16798-15A7-4EAE-A1C2-59F1530F6695}.Debug|x86.ActiveCfg = Debug|Win32
		{1FE16798-15A7-4EAE-A1C2-59F1530F6695}.Debug|x86.Build.0 = Debug|Win32
		{1FE16798-15A7-4EAE-A1C2-59F1530F6695}.Release|x64.ActiveCfg = Release|x64
		{1FE16798-15A7-4EAE-A1C2-59F1530F6695}.Release|x64.Build.0 = Release|x64
		{1FE16798-15A7-4EAE-A1C2-59F1530F6695}.Release|x86.ActiveCfg = Release|Win32
		{1FE16798-15A7-4EAE-A1C2-59F1530F6695}.Release|x86.Build.0 = Release|Win32
		{0F129B5E-EFE8-4F3C-853F-F8191D27930A}.Debug|x64.ActiveCfg = Debug|x64
		{0F129B5E-EFE8-4F3C-853F-F8191D27930A}.Debug|x64.Build.0 = Debug|x64
		{0F129B5E-EFE8-4F3C-853F-F8191D27930A}.Debug|x86.ActiveCfg = Debug|Win32
		{0F129B5E-EFE8-4F3C-853F-F8191D27930A}.Debug|x86.Build.0 = Debug|Win32
		{0F129B5E-EFE8-4F3C-853F-F8191D27930A}.Release|x64.ActiveCfg = Release|x64
		{0F129B5E-EFE8-4F3C-853F-F8191D27930A}.Release|x64.Build.0 = Release|x64
		{0F129B5E-EFE8-4F3C-853F-F8191D27930A}.Release|x86.ActiveCfg = Release|Win32
		{0F129B5E-EFE8-4F3C-853F-F8191D27930A}.Release|x86.Build.0 = Release|Win32
		{ADA6F472-17D6-4589-811B-5280DC035CA1}.Debug|x64.ActiveCfg = Debug|x64
		{ADA6F472-17D6-4589-811B-5280DC035CA1}.Debug|x64.Build.0 = Debug|x64
		{ADA6F472-17D6-4589-811B-5280DC035CA1}.Debug|x86.ActiveCfg = Debug|Win32
		{ADA6F472-17D6-4589-811B-5280DC035CA1}.Debug|x86.Build.0 = Debug|Win32
		{ADA6F472-17D6-4589-811B-5280DC035CA1}.Release|x64.ActiveCfg = Release|x64
		{ADA6F472-17D6-4589-811B-5280DC035CA1}.Release|x64.Build.0 = Release|x64
		{ADA6F472-17D6-4589-811B-5280DC035CA1}.Release|x86.ActiveCfg = Release|Win32
		{ADA6F472-17D6-4589-811B-5280DC035CA1}.Release|x86.Build.0 = Release|Win32
		{E73FADAD-08F2-4988-B23E-88BE4376543D}.Debug|x64.ActiveCfg = Debug|x64
		{E73FADAD-08F2-4988-B23E-88BE4376543D}.Debug|x64.Build.0 = Debug|x64
		{E73FADAD-08F2-4988-B23E-88BE4376543D}.Debug|x86.ActiveCfg = Debug|Win32
		{E73FADAD-08F2-4988-B23E-88BE4376543D}.Debug|x86.Build.0 = Debug|Win32
		{E73FADAD-08F2-4988-B23E-88BE4376543D}.Release|x64.ActiveCfg = Release|x64
		{E73FADAD-08F2-4988-B23E-88BE4376543D}.Release|x64.Build.0 = Release|x64
		{E73FADAD-08F2-4988-B23E-88BE4376543D}.Release|x86.ActiveCfg = Release|Win32
		{E73FADAD-08F2-4988-B23E-88BE4376543D}.Release|x86.Build.0 = Release|Win32
		{871EB484-7E5E-4A31-B926-FF164725F3BC}.Debug|x64.ActiveCfg = Debug|x64
		{871EB484-7E5E-4A31-B926-FF164725F3BC}.Debug|x64.Build.0 = Debug|x64
		{871EB484-7E5E-4A31-B926-FF164725F3BC}.Debug|x86.ActiveCfg = Debug|Win32
		{871EB484-7E5E-4A31-B926-FF164725F3BC}.Debug|x86.Build.0 = Debug|Win32
		{871EB484-7E5E-4A31-B926-FF164725F3BC}.Release|x64.ActiveCfg = Release|x64
		{871EB484-7E5E-4A31-B926-FF164725F3BC}.Release|x64.Build.0 = Release|x64
		{871EB484-7E5E-4A31-B926-FF164725F3BC}.Release|x86.ActiveCfg = Release|Win32
		{871EB484-7E5E-4A31-B926-FF164725F3BC}.Release|x86.Build.0 = Release|Win32
		{065781F8-7163-4C85-99B8-9F3DB93F02B9}.Debug|x64.ActiveCfg = Debug|x64
		{065781F8-7163-4C85-99B8-9F3DB93F02B9}.Debug|x64.Build.0 = Debug|x64
		{065781F8-7163-4C85-99B8-9F3DB93F02B9}.Debug|x86.ActiveCfg = Debug|Win32
		{065781F8-7163-4C85-99B8-9F3DB93F02B9}.Debug|x86.Build.0 = Debug|Win32
		{065781F8-7163-4C85-99B8-9F3DB93F02B9}.Release|x64.ActiveCfg = Release|x64
		{065781F8-7163-4C85-99B8-9F3DB93F02B9}.Release|x64.Build.0 = Release|x64
		{065781F8-7163-4C85-99B8-9F3DB93F02B9}.Release|x86.ActiveCfg = Release|Win32
		{065781F8-7163-4C85-99B8-9F3DB93F02B9}.Release|x86.Build.0 = Release|Win32
		{EB96B014-BFBF-4B38-A2F0-405F28051C2B}.Debug|x64.ActiveCfg = Debug|x64
		{EB96B014-BFBF-4B38-A2F0-405F28051C2B}.Debug|x64.Build.0 = Debug|x64
		{EB96B014-BFBF-4B38-A2F0-405F28051C2B}.Debug|x86.ActiveCfg = Debug|Win32
		{EB96B014-BFBF-4B38-A2F0-405F28051C2B}.Debug|x86.Build.0 = Debug|Win32
		{EB96B014-BFBF-4B38-A2F0-405F28051C2B}.Release|x64.ActiveCfg = Release|x64
		{EB96B014-BFBF-4B38-A2F0-405F28051C2B}.Release|x64.Build.0 = Release|x64
		{EB96B014-BFBF-4B38-A2F0-405F28051C2B}.Release|x86.ActiveCfg = Release|Win32
		{EB96B014-BFBF-4B38-A2F0-405F28051C2B}.Release|x86.Build.0 = Release|Win32
		{794B0D91-19C2-4E69-A838-E3B82330586B}.Debug|x64.ActiveCfg = Debug|x64
		{794B0D91-19C2-4E69-A838-E3B82330586B}.Debug|x64.Build.0 = Debug|x64
		{794B0D91-19C2-4E69-A838-E3B82330586B}.Debug|x86.ActiveCfg = Debug|Win32
		{794B0D91-19C2-4E69-A838-E3B82330586B}.Debug|x86.Build.0 = Debug|Win32
		{794B0D91-19C2-4E69-A838-E3B82330586B}.Release|x64.ActiveCfg = Release|x64
		{794B0D91-19C2-4E69-A838-E3B82330586B}.Release|x64.Build.0 = Release|x64
		{794B0D91-19C2-4E69-A838-E3B82330586B}.Release|x86.ActiveCfg = Release|Win32
		{794B0D91-19C2-4E69-A838-E3B82330586B}.Release|x86.Build.0 = Release|Win32
		{41A30B95-2D8F-4443-8E14-560C3CBFD13C}.Debug|x64.ActiveCfg = Debug|x64
		{41A30B95-2D8F-4443-8E14-560C3CBFD13C}.Debug|x64.Build.0 = Debug|x64
		{41A30B95-2D8F-4443-8E14-560C3CBFD13C}.Debug|x86.ActiveCfg = Debug|Win32
		{41A30B95-2D8F-4443-8E14-560C3CBFD13C}.Debug|x86.Build.0 = Debug|Win32
		{41A30B95-2D8F-4443-8E14-560C3CBFD13C}.Release|x64.ActiveCfg = Release|x64
		{41A30B95-2D8F-4443-8E14-560C3CBFD13C}.Release|x64.Build.0 = Release|x64
		{41A30B95-2D8F-4443-8E14-560C3CBFD13C}.Release|x86.ActiveCfg = Release|Win32
		{41A30B95-2D8F-4443-8E14-560C3CBFD13C}.Release|x86.Build.0 = Release|Win32
		{84A8E290-A106-42A4-A293-13F52CB8D577}.Debug|x64.ActiveCfg = Debug|x64
		{84A8E290-A106-42A4-A293-13F52CB8D577}.Debug|x64.Build.0 = Debug|x64
		{84A8E290-A106-42A4-A293-13F52CB8D577}.Debug|x86.ActiveCfg = Debug|Win32
		{84A8E290-A106-42A4-A293-13F52CB8D577}.Debug|x86.Build.0 = Debug|Win32
		{84A8E290-A106-42A4-A293-13F52CB8D577}.Release|x64.ActiveCfg = Release|x64
		{84A8E290-A106-42A4-A293-13F52CB8D577}.Release|x64.Build.0 = Release|x64
		{84A8E290-A106-42A4-A293-13F52CB8D577}.Release|x86.ActiveCfg = Release|Win32
		{84A8E290-A106-42A4-A293-13F52CB8D577}.Release|x86.Build.0 = Release|Win32
	EndGlobalSection
	GlobalSection(SolutionProperties) = preSolution
		HideSolutionNode = FALSE
	EndGlobalSection
	GlobalSection(ExtensibilityGlobals) = postSolution
		SolutionGuid = {62AE9367-75CA-4023-BCF3-CEF22E4A2A13}
	EndGlobalSection
EndGlobal
